
Microsoft Visual Studio Solution File, Format Version 12.00
# Visual Studio 15
VisualStudioVersion = 15.0.27703.1
MinimumVisualStudioVersion = 10.0.40219.1
Project("{FAE04EC0-301F-11D3-BF4B-00C04F79EFBC}") = "InterestsCalculator", "InterestsCalculator\InterestsCalculator.csproj", "{48DFE5CA-D38A-4913-B0BF-1CB118493D6B}"
EndProject
Project("{FAE04EC0-301F-11D3-BF4B-00C04F79EFBC}") = "InterestsCalculator.UnitTests", "InterestsCalculator.UnitTests\InterestsCalculator.UnitTests.csproj", "{3E74ABF1-64E2-4E99-8D73-4E1B5B12DF58}"
EndProject
Global
	GlobalSection(SolutionConfigurationPlatforms) = preSolution
		Debug|Any CPU = Debug|Any CPU
		Release|Any CPU = Release|Any CPU
	EndGlobalSection
	GlobalSection(ProjectConfigurationPlatforms) = postSolution
		{48DFE5CA-D38A-4913-B0BF-1CB118493D6B}.Debug|Any CPU.ActiveCfg = Debug|Any CPU
		{48DFE5CA-D38A-4913-B0BF-1CB118493D6B}.Debug|Any CPU.Build.0 = Debug|Any CPU
		{48DFE5CA-D38A-4913-B0BF-1CB118493D6B}.Release|Any CPU.ActiveCfg = Release|Any CPU
		{48DFE5CA-D38A-4913-B0BF-1CB118493D6B}.Release|Any CPU.Build.0 = Release|Any CPU
		{3E74ABF1-64E2-4E99-8D73-4E1B5B12DF58}.Debug|Any CPU.ActiveCfg = Debug|Any CPU
		{3E74ABF1-64E2-4E99-8D73-4E1B5B12DF58}.Debug|Any CPU.Build.0 = Debug|Any CPU
		{3E74ABF1-64E2-4E99-8D73-4E1B5B12DF58}.Release|Any CPU.ActiveCfg = Release|Any CPU
		{3E74ABF1-64E2-4E99-8D73-4E1B5B12DF58}.Release|Any CPU.Build.0 = Release|Any CPU
	EndGlobalSection
	GlobalSection(SolutionProperties) = preSolution
		HideSolutionNode = FALSE
	EndGlobalSection
	GlobalSection(ExtensibilityGlobals) = postSolution
		SolutionGuid = {CDC8C0F0-DBFA-4BC7-AFAD-910095F85E77}
	EndGlobalSection
EndGlobal
